<?xml version="1.0" encoding="utf-8"?>
<Project ToolsVersion="4.0" xmlns="http://schemas.microsoft.com/developer/msbuild/2003">
  <ItemGroup>
    <Filter Include="Source Files">
      <UniqueIdentifier>{4FC737F1-C7A5-4376-A066-2A32D752A2FF}</UniqueIdentifier>
      <Extensions>cpp;c;cc;cxx;c++;cppm;ixx;def;odl;idl;hpj;bat;asm;asmx</Extensions>
    </Filter>
    <Filter Include="Header Files">
      <UniqueIdentifier>{93995380-89BD-4b04-88EB-625FBE52EBFB}</UniqueIdentifier>
      <Extensions>h;hh;hpp;hxx;h++;hm;inl;inc;ipp;xsd</Extensions>
    </Filter>
    <Filter Include="Resource Files">
      <UniqueIdentifier>{67DA6AB6-F800-4c08-8B7A-83BB121AAD01}</UniqueIdentifier>
      <Extensions>rc;ico;cur;bmp;dlg;rc2;rct;bin;rgs;gif;jpg;jpeg;jpe;resx;tiff;tif;png;wav;mfcribbon-ms</Extensions>
    </Filter>
    <Filter Include="AndroidPackaging">
      <UniqueIdentifier>{e7bb15ec-8f94-450f-baeb-7753a0c9da7d}</UniqueIdentifier>
    </Filter>
    <Filter Include="AndroidPackaging\gradle">
      <UniqueIdentifier>{4e75e9a7-5c9c-421f-a5ed-4c263074adda}</UniqueIdentifier>
    </Filter>
    <Filter Include="AndroidPackaging\gradle\wrapper">
      <UniqueIdentifier>{5638f7f0-237e-42a1-8273-5c44b62dcedb}</UniqueIdentifier>
    </Filter>
    <Filter Include="AndroidPackaging\app">
      <UniqueIdentifier>{8dd5a071-ec4a-4184-a216-fd714b2bca84}</UniqueIdentifier>
    </Filter>
    <Filter Include="AndroidPackaging\app\src">
      <UniqueIdentifier>{2953790b-85f0-4423-ba24-33075b34fd10}</UniqueIdentifier>
    </Filter>
    <Filter Include="AndroidPackaging\app\src\main">
      <UniqueIdentifier>{b4305e49-4ee6-4e16-981b-1e1916d859a4}</UniqueIdentifier>
    </Filter>
    <Filter Include="AndroidPackaging\app\src\main\res">
      <UniqueIdentifier>{f3fad66b-5935-40a6-8e57-2d15d7ec03b1}</UniqueIdentifier>
    </Filter>
    <Filter Include="AndroidPackaging\app\src\main\res\drawable">
      <UniqueIdentifier>{b11ee937-85ca-4ada-8821-03a02ef79ed5}</UniqueIdentifier>
    </Filter>
    <Filter Include="AndroidPackaging\app\src\main\res\drawable-v24">
      <UniqueIdentifier>{afa7dab3-00c1-42fa-8ab4-fe90db59b5bd}</UniqueIdentifier>
    </Filter>
    <Filter Include="AndroidPackaging\app\src\main\res\layout">
      <UniqueIdentifier>{535c881f-50cd-4867-8e99-26079e6499f0}</UniqueIdentifier>
    </Filter>
    <Filter Include="AndroidPackaging\app\src\main\res\mipmap-anydpi-v26">
      <UniqueIdentifier>{375a1828-a4c0-4b93-859b-bb988c0e6483}</UniqueIdentifier>
    </Filter>
    <Filter Include="AndroidPackaging\app\src\main\res\mipmap-hdpi">
      <UniqueIdentifier>{ea4bfc7e-e367-4496-9e32-b1c7ac6d295f}</UniqueIdentifier>
    </Filter>
    <Filter Include="AndroidPackaging\app\src\main\res\mipmap-mdpi">
      <UniqueIdentifier>{cab88b56-aa39-4461-8dab-1b284d96833e}</UniqueIdentifier>
    </Filter>
    <Filter Include="AndroidPackaging\app\src\main\res\mipmap-xhdpi">
      <UniqueIdentifier>{5b4de05e-bdc1-4674-a87a-c10a57d26bff}</UniqueIdentifier>
    </Filter>
    <Filter Include="AndroidPackaging\app\src\main\res\mipmap-xxhdpi">
      <UniqueIdentifier>{708dd7dc-87c7-4d2e-8696-662709e48ec0}</UniqueIdentifier>
    </Filter>
    <Filter Include="AndroidPackaging\app\src\main\res\mipmap-xxxhdpi">
      <UniqueIdentifier>{29283e86-8569-4c9e-b6ab-355c8e2c357f}</UniqueIdentifier>
    </Filter>
    <Filter Include="AndroidPackaging\app\src\main\res\values">
      <UniqueIdentifier>{d1c0f58d-d260-46af-a32b-414cf4c2baaf}</UniqueIdentifier>
    </Filter>
  </ItemGroup>
  <ItemGroup>
    <ClCompile Include="..\..\testbed\src\testbed.cpp">
      <Filter>Source Files</Filter>
    </ClCompile>
  </ItemGroup>
  <ItemGroup>
    <None Include="AndroidPackaging\gradle\wrapper\gradle-wrapper.jar">
      <Filter>AndroidPackaging\gradle\wrapper</Filter>
    </None>
    <None Include="AndroidPackaging\gradle\wrapper\gradle-wrapper.properties">
      <Filter>AndroidPackaging\gradle\wrapper</Filter>
    </None>
    <None Include="AndroidPackaging\build.gradle">
      <Filter>AndroidPackaging</Filter>
    </None>
    <None Include="AndroidPackaging\gradle.properties">
      <Filter>AndroidPackaging</Filter>
    </None>
    <None Include="AndroidPackaging\gradlew">
      <Filter>AndroidPackaging</Filter>
    </None>
    <None Include="AndroidPackaging\gradlew.bat">
      <Filter>AndroidPackaging</Filter>
    </None>
    <None Include="AndroidPackaging\settings.gradle">
      <Filter>AndroidPackaging</Filter>
    </None>
    <None Include="AndroidPackaging\app\src\main\res\drawable\ic_launcher_background.xml">
      <Filter>AndroidPackaging\app\src\main\res\drawable</Filter>
    </None>
    <None Include="AndroidPackaging\app\src\main\res\drawable-v24\ic_launcher_foreground.xml">
      <Filter>AndroidPackaging\app\src\main\res\drawable-v24</Filter>
    </None>
    <None Include="AndroidPackaging\app\src\main\res\layout\activity_main.xml">
      <Filter>AndroidPackaging\app\src\main\res\layout</Filter>
    </None>
    <None Include="AndroidPackaging\app\src\main\res\mipmap-anydpi-v26\ic_launcher.xml">
      <Filter>AndroidPackaging\app\src\main\res\mipmap-anydpi-v26</Filter>
    </None>
    <None Include="AndroidPackaging\app\src\main\res\mipmap-anydpi-v26\ic_launcher_round.xml">
      <Filter>AndroidPackaging\app\src\main\res\mipmap-anydpi-v26</Filter>
    </None>
    <None Include="AndroidPackaging\app\src\main\res\mipmap-hdpi\ic_launcher.png">
      <Filter>AndroidPackaging\app\src\main\res\mipmap-hdpi</Filter>
    </None>
    <None Include="AndroidPackaging\app\src\main\res\mipmap-hdpi\ic_launcher_round.png">
      <Filter>AndroidPackaging\app\src\main\res\mipmap-hdpi</Filter>
    </None>
    <None Include="AndroidPackaging\app\src\main\res\mipmap-mdpi\ic_launcher.png">
      <Filter>AndroidPackaging\app\src\main\res\mipmap-mdpi</Filter>
    </None>
    <None Include="AndroidPackaging\app\src\main\res\mipmap-mdpi\ic_launcher_round.png">
      <Filter>AndroidPackaging\app\src\main\res\mipmap-mdpi</Filter>
    </None>
    <None Include="AndroidPackaging\app\src\main\res\mipmap-xhdpi\ic_launcher.png">
      <Filter>AndroidPackaging\app\src\main\res\mipmap-xhdpi</Filter>
    </None>
    <None Include="AndroidPackaging\app\src\main\res\mipmap-xhdpi\ic_launcher_round.png">
      <Filter>AndroidPackaging\app\src\main\res\mipmap-xhdpi</Filter>
    </None>
    <None Include="AndroidPackaging\app\src\main\res\mipmap-xxhdpi\ic_launcher.png">
      <Filter>AndroidPackaging\app\src\main\res\mipmap-xxhdpi</Filter>
    </None>
    <None Include="AndroidPackaging\app\src\main\res\mipmap-xxhdpi\ic_launcher_round.png">
      <Filter>AndroidPackaging\app\src\main\res\mipmap-xxhdpi</Filter>
    </None>
    <None Include="AndroidPackaging\app\src\main\res\mipmap-xxxhdpi\ic_launcher.png">
      <Filter>AndroidPackaging\app\src\main\res\mipmap-xxxhdpi</Filter>
    </None>
    <None Include="AndroidPackaging\app\src\main\res\mipmap-xxxhdpi\ic_launcher_round.png">
      <Filter>AndroidPackaging\app\src\main\res\mipmap-xxxhdpi</Filter>
    </None>
    <None Include="AndroidPackaging\app\src\main\res\values\colors.xml">
      <Filter>AndroidPackaging\app\src\main\res\values</Filter>
    </None>
    <None Include="AndroidPackaging\app\src\main\res\values\strings.xml">
      <Filter>AndroidPackaging\app\src\main\res\values</Filter>
    </None>
    <None Include="AndroidPackaging\app\src\main\res\values\styles.xml">
      <Filter>AndroidPackaging\app\src\main\res\values</Filter>
    </None>
    <None Include="AndroidPackaging\app\src\main\AndroidManifest.xml">
      <Filter>AndroidPackaging\app\src\main</Filter>
    </None>
    <None Include="AndroidPackaging\app\build.gradle">
      <Filter>AndroidPackaging\app</Filter>
    </None>
    <None Include="AndroidPackaging\app\proguard-rules.pro">
      <Filter>AndroidPackaging\app</Filter>
    </None>
  </ItemGroup>
</Project>