<?xml version="1.0" encoding="utf-8"?>
<Project ToolsVersion="4.0" xmlns="http://schemas.microsoft.com/developer/msbuild/2003">
  <ItemGroup>
    <Filter Include="Source Files">
      <UniqueIdentifier>{4FC737F1-C7A5-4376-A066-2A32D752A2FF}</UniqueIdentifier>
      <Extensions>cpp;c;cc;cxx;c++;cppm;ixx;def;odl;idl;hpj;bat;asm;asmx</Extensions>
    </Filter>
    <Filter Include="Header Files">
      <UniqueIdentifier>{93995380-89BD-4b04-88EB-625FBE52EBFB}</UniqueIdentifier>
      <Extensions>h;hh;hpp;hxx;h++;hm;inl;inc;ipp;xsd</Extensions>
    </Filter>
    <Filter Include="Resource Files">
      <UniqueIdentifier>{67DA6AB6-F800-4c08-8B7A-83BB121AAD01}</UniqueIdentifier>
      <Extensions>rc;ico;cur;bmp;dlg;rc2;rct;bin;rgs;gif;jpg;jpeg;jpe;resx;tiff;tif;png;wav;mfcribbon-ms</Extensions>
    </Filter>
    <Filter Include="Source Files\platforms">
      <UniqueIdentifier>{28564520-a862-46b1-90b7-baef4796fd65}</UniqueIdentifier>
    </Filter>
    <Filter Include="Source Files\platforms\windows">
      <UniqueIdentifier>{304a52ea-6b92-488a-97bf-71e4be6985b3}</UniqueIdentifier>
    </Filter>
    <Filter Include="Source Files\platforms\android">
      <UniqueIdentifier>{f9c0768b-6a94-4c01-a29d-adb2b8909039}</UniqueIdentifier>
    </Filter>
    <Filter Include="Source Files\platforms\linux">
      <UniqueIdentifier>{c5f0c3e8-8b75-4dd3-aa03-5e55ee6b3fc0}</UniqueIdentifier>
    </Filter>
    <Filter Include="Source Files\llris">
      <UniqueIdentifier>{208c4864-869c-4c20-afb5-ab6fc5ec28ae}</UniqueIdentifier>
    </Filter>
    <Filter Include="Source Files\third_party">
      <UniqueIdentifier>{778a3d6a-faed-4dcb-852e-545406628a7b}</UniqueIdentifier>
    </Filter>
    <Filter Include="Source Files\llris\llri_vulkan">
      <UniqueIdentifier>{10ccc47c-9033-4fa3-a369-076924b6697f}</UniqueIdentifier>
    </Filter>
    <Filter Include="Source Files\llris\llri_d3d12">
      <UniqueIdentifier>{ce0aeaf0-16d2-43a2-885f-a06e9ce88c20}</UniqueIdentifier>
    </Filter>
    <Filter Include="Source Files\third_party\imgui">
      <UniqueIdentifier>{980dff40-b46c-441b-be27-1df4ea899442}</UniqueIdentifier>
    </Filter>
    <Filter Include="Source Files\third_party\pugixml">
      <UniqueIdentifier>{3f153f73-ba0d-4d3b-a9f1-7ff36c3af699}</UniqueIdentifier>
    </Filter>
    <Filter Include="Source Files\llvris">
      <UniqueIdentifier>{b740a4d0-a812-4bf4-a24f-f3d6ffd859d3}</UniqueIdentifier>
    </Filter>
    <Filter Include="Source Files\llvris\llvri_openxr">
      <UniqueIdentifier>{e3112136-34c6-4dce-9f25-58513a661ab5}</UniqueIdentifier>
    </Filter>
    <Filter Include="Source Files\llvris\llvri_apple_vision">
      <UniqueIdentifier>{2579d641-ba1e-4896-a571-c14a890af5da}</UniqueIdentifier>
    </Filter>
    <Filter Include="Source Files\llsis">
      <UniqueIdentifier>{d5ad2b40-a952-4602-9ea4-7b7b91e12393}</UniqueIdentifier>
    </Filter>
    <Filter Include="Source Files\llsis\llsi_miniaudio">
      <UniqueIdentifier>{48a801d7-d58e-4c40-b912-1addb3a95174}</UniqueIdentifier>
    </Filter>
  </ItemGroup>
  <ItemGroup>
    <ClCompile Include="..\engine\src\application.cpp">
      <Filter>Source Files</Filter>
    </ClCompile>
    <ClCompile Include="..\engine\src\engine.cpp">
      <Filter>Source Files</Filter>
    </ClCompile>
    <ClCompile Include="..\engine\src\platform.cpp">
      <Filter>Source Files</Filter>
    </ClCompile>
    <ClCompile Include="..\engine\src\android\system_android.cpp">
      <Filter>Source Files\platforms\android</Filter>
    </ClCompile>
    <ClCompile Include="..\engine\src\windows\system_windows.cpp">
      <Filter>Source Files\platforms\windows</Filter>
    </ClCompile>
    <ClCompile Include="..\engine\src\linux\system_linux.cpp">
      <Filter>Source Files\platforms\linux</Filter>
    </ClCompile>
    <ClCompile Include="..\engine\src\logger.cpp">
      <Filter>Source Files</Filter>
    </ClCompile>
    <ClCompile Include="..\engine\src\rendering.cpp">
      <Filter>Source Files</Filter>
    </ClCompile>
    <ClCompile Include="..\engine\src\llri_d3d12\d3d12_llri.cpp">
      <Filter>Source Files\llris\llri_d3d12</Filter>
    </ClCompile>
    <ClCompile Include="..\engine\src\llri_d3d12\d3d12_swapchain.cpp">
      <Filter>Source Files\llris\llri_d3d12</Filter>
    </ClCompile>
    <ClCompile Include="..\engine\src\llri_vulkan\mercury_vulkan.cpp">
      <Filter>Source Files\llris\llri_vulkan</Filter>
    </ClCompile>
    <ClCompile Include="..\engine\src\llri_vulkan\vk_llri.cpp">
      <Filter>Source Files\llris\llri_vulkan</Filter>
    </ClCompile>
    <ClCompile Include="..\engine\src\llri_vulkan\vk_swapchain.cpp">
      <Filter>Source Files\llris\llri_vulkan</Filter>
    </ClCompile>
    <ClCompile Include="..\engine\src\mercury_imgui.cpp">
      <Filter>Source Files</Filter>
    </ClCompile>
    <ClCompile Include="..\third_party\imgui\imgui.cpp">
      <Filter>Source Files\third_party\imgui</Filter>
    </ClCompile>
    <ClCompile Include="..\third_party\imgui\imgui_demo.cpp">
      <Filter>Source Files\third_party\imgui</Filter>
    </ClCompile>
    <ClCompile Include="..\third_party\imgui\imgui_draw.cpp">
      <Filter>Source Files\third_party\imgui</Filter>
    </ClCompile>
    <ClCompile Include="..\third_party\imgui\imgui_tables.cpp">
      <Filter>Source Files\third_party\imgui</Filter>
    </ClCompile>
    <ClCompile Include="..\third_party\imgui\imgui_widgets.cpp">
      <Filter>Source Files\third_party\imgui</Filter>
    </ClCompile>
    <ClCompile Include="..\engine\src\llri_d3d12\d3d12_context.cpp">
      <Filter>Source Files\llris\llri_d3d12</Filter>
    </ClCompile>
    <ClCompile Include="..\engine\src\llri_vulkan\vk_context.cpp">
      <Filter>Source Files\llris\llri_vulkan</Filter>
    </ClCompile>
    <ClCompile Include="..\third_party\ImGuiColorTextEdit\TextEditor.cpp">
      <Filter>Source Files\third_party\imgui</Filter>
    </ClCompile>
    <ClCompile Include="..\third_party\pugixml\src\pugixml.cpp">
      <Filter>Source Files\third_party\pugixml</Filter>
    </ClCompile>
    <ClCompile Include="..\engine\src\shader_bytecode_msl.cpp">
      <Filter>Source Files\llris</Filter>
    </ClCompile>
    <ClCompile Include="..\engine\src\internal_shaders.cpp">
      <Filter>Source Files\llris</Filter>
    </ClCompile>
    <ClCompile Include="..\engine\src\llri_vulkan\vk_utils.cpp">
      <Filter>Source Files\llris\llri_vulkan</Filter>
    </ClCompile>
    <ClCompile Include="..\engine\src\mercury_utils.cpp">
      <Filter>Source Files</Filter>
    </ClCompile>
    <ClCompile Include="..\engine\src\llvri_openxr\llvri_openxr.cpp">
      <Filter>Source Files\llvris\llvri_openxr</Filter>
    </ClCompile>
    <ClCompile Include="..\engine\src\llsi_miniaudio\ma_llsi.cpp">
      <Filter>Source Files\llsis\llsi_miniaudio</Filter>
    </ClCompile>
    <ClCompile Include="..\engine\src\llvri_openxr\mercury_openxr.cpp">
      <Filter>Source Files\llvris\llvri_openxr</Filter>
    </ClCompile>
    <ClCompile Include="..\engine\src\shader_bytecode_dxil.cpp">
      <Filter>Source Files\llris\llri_d3d12</Filter>
    </ClCompile>
    <ClCompile Include="..\engine\src\shader_bytecode_spirv.cpp">
      <Filter>Source Files\llris\llri_vulkan</Filter>
    </ClCompile>
    <ClCompile Include="..\engine\src\shader.cpp">
      <Filter>Source Files</Filter>
    </ClCompile>
    <ClCompile Include="..\engine\src\canvas.cpp">
      <Filter>Source Files</Filter>
    </ClCompile>
    <ClCompile Include="..\engine\src\mesh.cpp">
      <Filter>Source Files</Filter>
    </ClCompile>
    <ClCompile Include="..\engine\src\parametrical_meshes.cpp">
      <Filter>Source Files</Filter>
    </ClCompile>
    <ClCompile Include="..\third_party\D3D12MemoryAllocator\src\D3D12MemAlloc.cpp">
      <Filter>Source Files\llris\llri_d3d12</Filter>
    </ClCompile>
    <ClCompile Include="..\engine\src\llri_d3d12\d3d12_utils.cpp">
      <Filter>Source Files\llris\llri_d3d12</Filter>
    </ClCompile>
  </ItemGroup>
  <ItemGroup>
    <ClInclude Include="..\engine\src\application.h">
      <Filter>Source Files</Filter>
    </ClInclude>
    <ClInclude Include="..\engine\src\platform.h">
      <Filter>Source Files</Filter>
    </ClInclude>
    <ClInclude Include="..\engine\include\mercury.h">
      <Filter>Header Files</Filter>
    </ClInclude>
    <ClInclude Include="..\engine\include\mercury_api.h">
      <Filter>Header Files</Filter>
    </ClInclude>
    <ClInclude Include="..\engine\include\mercury_application.h">
      <Filter>Header Files</Filter>
    </ClInclude>
    <ClInclude Include="..\engine\include\mercury_entrypoint.h">
      <Filter>Header Files</Filter>
    </ClInclude>
    <ClInclude Include="..\engine\src\llri.h">
      <Filter>Source Files\llris</Filter>
    </ClInclude>
    <ClInclude Include="..\engine\src\engine.h">
      <Filter>Source Files</Filter>
    </ClInclude>
    <ClInclude Include="..\engine\include\mercury_log.h">
      <Filter>Header Files</Filter>
    </ClInclude>
    <ClInclude Include="..\engine\src\swapchain.h">
      <Filter>Source Files\llris</Filter>
    </ClInclude>
    <ClInclude Include="..\engine\include\mercury_rendering.h">
      <Filter>Header Files</Filter>
    </ClInclude>
    <ClInclude Include="..\engine\src\llri_d3d12\d3d12_llri.h">
      <Filter>Source Files\llris\llri_d3d12</Filter>
    </ClInclude>
    <ClInclude Include="..\engine\src\llri_d3d12\d3d12_swapchain.h">
      <Filter>Source Files\llris\llri_d3d12</Filter>
    </ClInclude>
    <ClInclude Include="..\engine\src\llri_vulkan\mercury_vulkan.h">
      <Filter>Source Files\llris\llri_vulkan</Filter>
    </ClInclude>
    <ClInclude Include="..\engine\src\llri_vulkan\vk_llri.h">
      <Filter>Source Files\llris\llri_vulkan</Filter>
    </ClInclude>
    <ClInclude Include="..\engine\src\llri_vulkan\vk_swapchain.h">
      <Filter>Source Files\llris\llri_vulkan</Filter>
    </ClInclude>
    <ClInclude Include="..\engine\src\context.h">
      <Filter>Source Files\llris</Filter>
    </ClInclude>
    <ClInclude Include="..\engine\src\shader_bytecode.h">
      <Filter>Source Files\llris</Filter>
    </ClInclude>
    <ClInclude Include="..\third_party\pugixml\src\pugiconfig.hpp">
      <Filter>Source Files\third_party\pugixml</Filter>
    </ClInclude>
    <ClInclude Include="..\third_party\pugixml\src\pugixml.hpp">
      <Filter>Source Files\third_party\pugixml</Filter>
    </ClInclude>
    <ClInclude Include="..\engine\include\mercury_shader.h">
      <Filter>Header Files</Filter>
    </ClInclude>
    <ClInclude Include="..\engine\include\mercury_material.h">
      <Filter>Header Files</Filter>
    </ClInclude>
    <ClInclude Include="..\engine\include\mercury_buffer.h">
      <Filter>Header Files</Filter>
    </ClInclude>
    <ClInclude Include="..\engine\src\llri_vulkan\vk_utils.h">
      <Filter>Source Files\llris\llri_vulkan</Filter>
    </ClInclude>
    <ClInclude Include="..\engine\src\rendering.h">
      <Filter>Header Files</Filter>
    </ClInclude>
    <ClInclude Include="..\engine\src\llvri.h">
      <Filter>Source Files\llvris</Filter>
    </ClInclude>
    <ClInclude Include="..\engine\src\llvri_openxr\llvri_openxr.h">
      <Filter>Source Files\llvris\llvri_openxr</Filter>
    </ClInclude>
    <ClInclude Include="..\engine\src\llvri_apple_vision\llvri_apple_vision.h">
      <Filter>Source Files\llvris\llvri_apple_vision</Filter>
    </ClInclude>
    <ClInclude Include="..\engine\src\llsi.h">
      <Filter>Source Files\llsis</Filter>
    </ClInclude>
    <ClInclude Include="..\engine\src\llsi_miniaudio\ma_llsi.h">
      <Filter>Source Files\llsis\llsi_miniaudio</Filter>
    </ClInclude>
    <ClInclude Include="..\engine\src\llvri_openxr\mercury_openxr.h">
      <Filter>Source Files\llvris\llvri_openxr</Filter>
    </ClInclude>
    <ClInclude Include="..\engine\include\mercury_canvas.h">
      <Filter>Header Files</Filter>
    </ClInclude>
    <ClInclude Include="..\engine\include\mercury_mesh.h">
      <Filter>Header Files</Filter>
    </ClInclude>
    <ClInclude Include="..\engine\include\mercury_utils.h">
      <Filter>Header Files</Filter>
    </ClInclude>
    <ClInclude Include="..\engine\src\mesh_internal.h">
      <Filter>Source Files</Filter>
    </ClInclude>
    <ClInclude Include="..\engine\src\llri_d3d12\d3d12_utils.h">
      <Filter>Source Files\llris\llri_d3d12</Filter>
    </ClInclude>
    <ClInclude Include="..\engine\include\mercury_framegraph.h">
      <Filter>Header Files</Filter>
    </ClInclude>
  </ItemGroup>
</Project>