<?xml version="1.0" encoding="utf-8"?>
<Project ToolsVersion="4.0" xmlns="http://schemas.microsoft.com/developer/msbuild/2003">
  <ItemGroup>
    <Filter Include="Source Files">
      <UniqueIdentifier>{4FC737F1-C7A5-4376-A066-2A32D752A2FF}</UniqueIdentifier>
      <Extensions>cpp;c;cc;cxx;c++;cppm;ixx;def;odl;idl;hpj;bat;asm;asmx</Extensions>
    </Filter>
    <Filter Include="Header Files">
      <UniqueIdentifier>{93995380-89BD-4b04-88EB-625FBE52EBFB}</UniqueIdentifier>
      <Extensions>h;hh;hpp;hxx;h++;hm;inl;inc;ipp;xsd</Extensions>
    </Filter>
    <Filter Include="Resource Files">
      <UniqueIdentifier>{67DA6AB6-F800-4c08-8B7A-83BB121AAD01}</UniqueIdentifier>
      <Extensions>rc;ico;cur;bmp;dlg;rc2;rct;bin;rgs;gif;jpg;jpeg;jpe;resx;tiff;tif;png;wav;mfcribbon-ms</Extensions>
    </Filter>
    <Filter Include="Source Files\platforms">
      <UniqueIdentifier>{28564520-a862-46b1-90b7-baef4796fd65}</UniqueIdentifier>
    </Filter>
    <Filter Include="Source Files\platforms\windows">
      <UniqueIdentifier>{304a52ea-6b92-488a-97bf-71e4be6985b3}</UniqueIdentifier>
    </Filter>
    <Filter Include="Source Files\platforms\android">
      <UniqueIdentifier>{f9c0768b-6a94-4c01-a29d-adb2b8909039}</UniqueIdentifier>
    </Filter>
    <Filter Include="Source Files\platforms\linux">
      <UniqueIdentifier>{c5f0c3e8-8b75-4dd3-aa03-5e55ee6b3fc0}</UniqueIdentifier>
    </Filter>
    <Filter Include="Source Files\llris">
      <UniqueIdentifier>{208c4864-869c-4c20-afb5-ab6fc5ec28ae}</UniqueIdentifier>
    </Filter>
    <Filter Include="Source Files\llris\vulkan">
      <UniqueIdentifier>{10ccc47c-9033-4fa3-a369-076924b6697f}</UniqueIdentifier>
    </Filter>
  </ItemGroup>
  <ItemGroup>
    <ClCompile Include="..\engine\src\application.cpp">
      <Filter>Source Files</Filter>
    </ClCompile>
    <ClCompile Include="..\engine\src\engine.cpp">
      <Filter>Source Files</Filter>
    </ClCompile>
    <ClCompile Include="..\engine\src\platform.cpp">
      <Filter>Source Files</Filter>
    </ClCompile>
    <ClCompile Include="..\engine\src\android\system_android.cpp">
      <Filter>Source Files\platforms\android</Filter>
    </ClCompile>
    <ClCompile Include="..\engine\src\windows\system_windows.cpp">
      <Filter>Source Files\platforms\windows</Filter>
    </ClCompile>
    <ClCompile Include="..\engine\src\linux\system_linux.cpp">
      <Filter>Source Files\platforms\linux</Filter>
    </ClCompile>
    <ClCompile Include="..\engine\src\vulkan\mercury_vulkan.cpp">
      <Filter>Source Files\llris\vulkan</Filter>
    </ClCompile>
    <ClCompile Include="..\engine\src\logger.cpp">
      <Filter>Source Files</Filter>
    </ClCompile>
    <ClCompile Include="..\engine\src\vulkan\vk_llri.cpp">
      <Filter>Source Files\llris\vulkan</Filter>
    </ClCompile>
  </ItemGroup>
  <ItemGroup>
    <ClInclude Include="..\engine\src\application.h">
      <Filter>Source Files</Filter>
    </ClInclude>
    <ClInclude Include="..\engine\src\platform.h">
      <Filter>Source Files</Filter>
    </ClInclude>
    <ClInclude Include="..\engine\include\mercury.h">
      <Filter>Header Files</Filter>
    </ClInclude>
    <ClInclude Include="..\engine\include\mercury_api.h">
      <Filter>Header Files</Filter>
    </ClInclude>
    <ClInclude Include="..\engine\include\mercury_application.h">
      <Filter>Header Files</Filter>
    </ClInclude>
    <ClInclude Include="..\engine\include\mercury_entrypoint.h">
      <Filter>Header Files</Filter>
    </ClInclude>
    <ClInclude Include="..\engine\src\vulkan\mercury_vulkan.h">
      <Filter>Source Files\llris\vulkan</Filter>
    </ClInclude>
    <ClInclude Include="..\engine\src\llri.h">
      <Filter>Source Files\llris</Filter>
    </ClInclude>
    <ClInclude Include="..\engine\src\engine.h">
      <Filter>Source Files</Filter>
    </ClInclude>
    <ClInclude Include="..\engine\include\mercury_log.h">
      <Filter>Header Files</Filter>
    </ClInclude>
  </ItemGroup>
</Project>